
Microsoft Visual Studio Solution File, Format Version 11.00
# Visual C# Express 2010
Project("{FAE04EC0-301F-11D3-BF4B-00C04F79EFBC}") = "fruitOrVegetable", "fruitOrVegetable\fruitOrVegetable.csproj", "{9F96D616-CF76-484B-80D4-9A05D5DCF7AF}"
EndProject
Global
	GlobalSection(SolutionConfigurationPlatforms) = preSolution
		Debug|x86 = Debug|x86
		Release|x86 = Release|x86
	EndGlobalSection
	GlobalSection(ProjectConfigurationPlatforms) = postSolution
		{9F96D616-CF76-484B-80D4-9A05D5DCF7AF}.Debug|x86.ActiveCfg = Debug|x86
		{9F96D616-CF76-484B-80D4-9A05D5DCF7AF}.Debug|x86.Build.0 = Debug|x86
		{9F96D616-CF76-484B-80D4-9A05D5DCF7AF}.Release|x86.ActiveCfg = Release|x86
		{9F96D616-CF76-484B-80D4-9A05D5DCF7AF}.Release|x86.Build.0 = Release|x86
	EndGlobalSection
	GlobalSection(SolutionProperties) = preSolution
		HideSolutionNode = FALSE
	EndGlobalSection
EndGlobal
