
Microsoft Visual Studio Solution File, Format Version 11.00
# Visual C# Express 2010
Project("{FAE04EC0-301F-11D3-BF4B-00C04F79EFBC}") = "Greetings", "Greetings\Greetings.csproj", "{D9CE57E2-0EB7-4CBC-8DB3-73B0427F8846}"
EndProject
Global
	GlobalSection(SolutionConfigurationPlatforms) = preSolution
		Debug|x86 = Debug|x86
		Release|x86 = Release|x86
	EndGlobalSection
	GlobalSection(ProjectConfigurationPlatforms) = postSolution
		{D9CE57E2-0EB7-4CBC-8DB3-73B0427F8846}.Debug|x86.ActiveCfg = Debug|x86
		{D9CE57E2-0EB7-4CBC-8DB3-73B0427F8846}.Debug|x86.Build.0 = Debug|x86
		{D9CE57E2-0EB7-4CBC-8DB3-73B0427F8846}.Release|x86.ActiveCfg = Release|x86
		{D9CE57E2-0EB7-4CBC-8DB3-73B0427F8846}.Release|x86.Build.0 = Release|x86
	EndGlobalSection
	GlobalSection(SolutionProperties) = preSolution
		HideSolutionNode = FALSE
	EndGlobalSection
EndGlobal
