
Microsoft Visual Studio Solution File, Format Version 11.00
# Visual C# Express 2010
Project("{FAE04EC0-301F-11D3-BF4B-00C04F79EFBC}") = "sequence2Kplus1_task04", "sequence2Kplus1_task04\sequence2Kplus1_task04.csproj", "{2EB81AAD-06FE-4C50-B063-3B14A625CAC5}"
EndProject
Global
	GlobalSection(SolutionConfigurationPlatforms) = preSolution
		Debug|x86 = Debug|x86
		Release|x86 = Release|x86
	EndGlobalSection
	GlobalSection(ProjectConfigurationPlatforms) = postSolution
		{2EB81AAD-06FE-4C50-B063-3B14A625CAC5}.Debug|x86.ActiveCfg = Debug|x86
		{2EB81AAD-06FE-4C50-B063-3B14A625CAC5}.Debug|x86.Build.0 = Debug|x86
		{2EB81AAD-06FE-4C50-B063-3B14A625CAC5}.Release|x86.ActiveCfg = Release|x86
		{2EB81AAD-06FE-4C50-B063-3B14A625CAC5}.Release|x86.Build.0 = Release|x86
	EndGlobalSection
	GlobalSection(SolutionProperties) = preSolution
		HideSolutionNode = FALSE
	EndGlobalSection
EndGlobal
