
Microsoft Visual Studio Solution File, Format Version 11.00
# Visual C# Express 2010
Project("{FAE04EC0-301F-11D3-BF4B-00C04F79EFBC}") = "fishTank", "fishTank\fishTank.csproj", "{DF50A334-2E07-4C1B-A3ED-89F31057EA5A}"
EndProject
Global
	GlobalSection(SolutionConfigurationPlatforms) = preSolution
		Debug|x86 = Debug|x86
		Release|x86 = Release|x86
	EndGlobalSection
	GlobalSection(ProjectConfigurationPlatforms) = postSolution
		{DF50A334-2E07-4C1B-A3ED-89F31057EA5A}.Debug|x86.ActiveCfg = Debug|x86
		{DF50A334-2E07-4C1B-A3ED-89F31057EA5A}.Debug|x86.Build.0 = Debug|x86
		{DF50A334-2E07-4C1B-A3ED-89F31057EA5A}.Release|x86.ActiveCfg = Release|x86
		{DF50A334-2E07-4C1B-A3ED-89F31057EA5A}.Release|x86.Build.0 = Release|x86
	EndGlobalSection
	GlobalSection(SolutionProperties) = preSolution
		HideSolutionNode = FALSE
	EndGlobalSection
EndGlobal
